
Microsoft Visual Studio Solution File, Format Version 12.00
# Visual Studio Version 16
VisualStudioVersion = 16.0.30225.117
MinimumVisualStudioVersion = 10.0.40219.1
Project("{FAE04EC0-301F-11D3-BF4B-00C04F79EFBC}") = "WF", "WF\WF.csproj", "{B7E22838-D14B-4CE2-B2CC-CA586D344721}"
	ProjectSection(ProjectDependencies) = postProject
		{2596BD7B-8830-41E3-94AD-8AC79D3BEAA5} = {2596BD7B-8830-41E3-94AD-8AC79D3BEAA5}
	EndProjectSection
EndProject
Project("{FAE04EC0-301F-11D3-BF4B-00C04F79EFBC}") = "Entidades", "Entidades\Entidades.csproj", "{E164F21E-B61A-49D6-9D5F-4776E85D583E}"
EndProject
Project("{FAE04EC0-301F-11D3-BF4B-00C04F79EFBC}") = "Datos", "Datos\Datos.csproj", "{D4D80CB2-2D83-4ABE-94E7-BE8161E14D02}"
EndProject
Project("{FAE04EC0-301F-11D3-BF4B-00C04F79EFBC}") = "Negocio", "Negocio\Negocio.csproj", "{B100ADA1-CA48-4F6B-B8CE-A3F82FA17431}"
EndProject
Project("{FAE04EC0-301F-11D3-BF4B-00C04F79EFBC}") = "Servicios", "Servicios\Servicios.csproj", "{2596BD7B-8830-41E3-94AD-8AC79D3BEAA5}"
EndProject
Global
	GlobalSection(SolutionConfigurationPlatforms) = preSolution
		Debug|Any CPU = Debug|Any CPU
		Release|Any CPU = Release|Any CPU
	EndGlobalSection
	GlobalSection(ProjectConfigurationPlatforms) = postSolution
		{B7E22838-D14B-4CE2-B2CC-CA586D344721}.Debug|Any CPU.ActiveCfg = Debug|Any CPU
		{B7E22838-D14B-4CE2-B2CC-CA586D344721}.Debug|Any CPU.Build.0 = Debug|Any CPU
		{B7E22838-D14B-4CE2-B2CC-CA586D344721}.Release|Any CPU.ActiveCfg = Release|Any CPU
		{B7E22838-D14B-4CE2-B2CC-CA586D344721}.Release|Any CPU.Build.0 = Release|Any CPU
		{E164F21E-B61A-49D6-9D5F-4776E85D583E}.Debug|Any CPU.ActiveCfg = Debug|Any CPU
		{E164F21E-B61A-49D6-9D5F-4776E85D583E}.Debug|Any CPU.Build.0 = Debug|Any CPU
		{E164F21E-B61A-49D6-9D5F-4776E85D583E}.Release|Any CPU.ActiveCfg = Release|Any CPU
		{E164F21E-B61A-49D6-9D5F-4776E85D583E}.Release|Any CPU.Build.0 = Release|Any CPU
		{D4D80CB2-2D83-4ABE-94E7-BE8161E14D02}.Debug|Any CPU.ActiveCfg = Debug|Any CPU
		{D4D80CB2-2D83-4ABE-94E7-BE8161E14D02}.Debug|Any CPU.Build.0 = Debug|Any CPU
		{D4D80CB2-2D83-4ABE-94E7-BE8161E14D02}.Release|Any CPU.ActiveCfg = Release|Any CPU
		{D4D80CB2-2D83-4ABE-94E7-BE8161E14D02}.Release|Any CPU.Build.0 = Release|Any CPU
		{B100ADA1-CA48-4F6B-B8CE-A3F82FA17431}.Debug|Any CPU.ActiveCfg = Debug|Any CPU
		{B100ADA1-CA48-4F6B-B8CE-A3F82FA17431}.Debug|Any CPU.Build.0 = Debug|Any CPU
		{B100ADA1-CA48-4F6B-B8CE-A3F82FA17431}.Release|Any CPU.ActiveCfg = Release|Any CPU
		{B100ADA1-CA48-4F6B-B8CE-A3F82FA17431}.Release|Any CPU.Build.0 = Release|Any CPU
		{2596BD7B-8830-41E3-94AD-8AC79D3BEAA5}.Debug|Any CPU.ActiveCfg = Debug|Any CPU
		{2596BD7B-8830-41E3-94AD-8AC79D3BEAA5}.Debug|Any CPU.Build.0 = Debug|Any CPU
		{2596BD7B-8830-41E3-94AD-8AC79D3BEAA5}.Release|Any CPU.ActiveCfg = Release|Any CPU
		{2596BD7B-8830-41E3-94AD-8AC79D3BEAA5}.Release|Any CPU.Build.0 = Release|Any CPU
	EndGlobalSection
	GlobalSection(SolutionProperties) = preSolution
		HideSolutionNode = FALSE
	EndGlobalSection
	GlobalSection(ExtensibilityGlobals) = postSolution
		SolutionGuid = {F458363C-9EE5-4E6F-92E0-958B3D6FBCB7}
	EndGlobalSection
EndGlobal
